
Microsoft Visual Studio Solution File, Format Version 12.00
Project("{FAE04EC0-301F-11D3-BF4B-00C04F79EFBC}") = "CMM", "CMM\CMM.csproj", "{BA1ADEF8-59FA-4290-A369-D9B1725749C0}"
EndProject
Project("{FAE04EC0-301F-11D3-BF4B-00C04F79EFBC}") = "CMM.Lang", "CMM.Lang\CMM.Lang.csproj", "{1BD81249-BA4D-4850-8D2A-94DE968D0E3B}"
EndProject
Global
	GlobalSection(SolutionConfigurationPlatforms) = preSolution
		Debug|Any CPU = Debug|Any CPU
		Release|Any CPU = Release|Any CPU
	EndGlobalSection
	GlobalSection(ProjectConfigurationPlatforms) = postSolution
		{BA1ADEF8-59FA-4290-A369-D9B1725749C0}.Debug|Any CPU.ActiveCfg = Debug|Any CPU
		{BA1ADEF8-59FA-4290-A369-D9B1725749C0}.Debug|Any CPU.Build.0 = Debug|Any CPU
		{BA1ADEF8-59FA-4290-A369-D9B1725749C0}.Release|Any CPU.ActiveCfg = Release|Any CPU
		{BA1ADEF8-59FA-4290-A369-D9B1725749C0}.Release|Any CPU.Build.0 = Release|Any CPU
		{1BD81249-BA4D-4850-8D2A-94DE968D0E3B}.Debug|Any CPU.ActiveCfg = Debug|Any CPU
		{1BD81249-BA4D-4850-8D2A-94DE968D0E3B}.Debug|Any CPU.Build.0 = Debug|Any CPU
		{1BD81249-BA4D-4850-8D2A-94DE968D0E3B}.Release|Any CPU.ActiveCfg = Release|Any CPU
		{1BD81249-BA4D-4850-8D2A-94DE968D0E3B}.Release|Any CPU.Build.0 = Release|Any CPU
	EndGlobalSection
EndGlobal
